
Microsoft Visual Studio Solution File, Format Version 12.00
# Visual Studio 2013
VisualStudioVersion = 12.0.21005.1
MinimumVisualStudioVersion = 10.0.40219.1
Project("{FAE04EC0-301F-11D3-BF4B-00C04F79EFBC}") = "Glimpse.TelerikDataAccess.Plugin", "Source\Glimpse.TelerikDataAccess.Plugin\Glimpse.TelerikDataAccess.Plugin.csproj", "{A2C1150F-DE99-4B3D-905C-AD3A46957415}"
EndProject
Project("{FAE04EC0-301F-11D3-BF4B-00C04F79EFBC}") = "Glimpse.TelerikDataAccess.Nuget", "Source\Glimpse.TelerikDataAccess.Nuget\Glimpse.TelerikDataAccess.Nuget.csproj", "{37E82C5C-BC94-43B4-8161-8A6DCED3AE29}"
EndProject
Global
	GlobalSection(SolutionConfigurationPlatforms) = preSolution
		Debug|Any CPU = Debug|Any CPU
		Release|Any CPU = Release|Any CPU
	EndGlobalSection
	GlobalSection(ProjectConfigurationPlatforms) = postSolution
		{A2C1150F-DE99-4B3D-905C-AD3A46957415}.Debug|Any CPU.ActiveCfg = Debug|Any CPU
		{A2C1150F-DE99-4B3D-905C-AD3A46957415}.Debug|Any CPU.Build.0 = Debug|Any CPU
		{A2C1150F-DE99-4B3D-905C-AD3A46957415}.Release|Any CPU.ActiveCfg = Release|Any CPU
		{A2C1150F-DE99-4B3D-905C-AD3A46957415}.Release|Any CPU.Build.0 = Release|Any CPU
		{37E82C5C-BC94-43B4-8161-8A6DCED3AE29}.Debug|Any CPU.ActiveCfg = Debug|Any CPU
		{37E82C5C-BC94-43B4-8161-8A6DCED3AE29}.Debug|Any CPU.Build.0 = Debug|Any CPU
		{37E82C5C-BC94-43B4-8161-8A6DCED3AE29}.Release|Any CPU.ActiveCfg = Debug|Any CPU
		{37E82C5C-BC94-43B4-8161-8A6DCED3AE29}.Release|Any CPU.Build.0 = Debug|Any CPU
	EndGlobalSection
	GlobalSection(SolutionProperties) = preSolution
		HideSolutionNode = FALSE
	EndGlobalSection
EndGlobal
